lockfileVersion: '9.0'

settings:
  autoInstallPeers: true
  excludeLinksFromLockfile: false

importers:

  .:
    dependencies:
      '@env-kit/node-settings':
        specifier: ^0.11.0
        version: 0.11.0(zod@3.25.76)
      zod:
        specifier: ^3.23.0
        version: 3.25.76
    devDependencies:
      '@types/node':
        specifier: ^22.10.0
        version: 22.19.19
      typescript:
        specifier: ^5.6.0
        version: 5.9.3

packages:

  '@env-kit/node-settings@0.11.0':
    resolution: {integrity: sha512-/BzLhf0od4KPYkAKjqj1TIno0Go26oXICj3YPG8brShhweDOUKjOBwxdXTm0NFDLej5jIUDodlcBSUqIYmKgEw==}
    engines: {node: '>=18'}
    hasBin: true
    peerDependencies:
      next: ^13 || ^14 || ^15 || ^16
      vite: ^4 || ^5 || ^6 || ^7
      zod: ^3.23.0
    peerDependenciesMeta:
      next:
        optional: true
      vite:
        optional: true

  '@types/node@22.19.19':
    resolution: {integrity: sha512-dyh/xO2Fh5bYrfWaaqGrRQQGkNdmYw6AmaAUvYeUMNTWQtvb796ikLdmTchRmOlOiIJ1TDXfWgVx1QkUlQ6Hew==}

  jiti@2.7.0:
    resolution: {integrity: sha512-AC/7JofJvZGrrneWNaEnJeOLUx+JlGt7tNa0wZiRPT4MY1wmfKjt2+6O2p2uz2+skll8OZZmJMNqeke7kKbNgQ==}
    hasBin: true

  typescript@5.9.3:
    resolution: {integrity: sha512-jl1vZzPDinLr9eUt3J/t7V6FgNEw9QjvBPdysz9KfQDD41fQrC2Y4vKQdiaUpFT4bXlb1RHhLpp8wtm6M5TgSw==}
    engines: {node: '>=14.17'}
    hasBin: true

  undici-types@6.21.0:
    resolution: {integrity: sha512-iwDZqg0QAGrg9Rav5H4n0M64c3mkR59cJ6wQp+7C4nI0gsmExaedaYLNO44eT4AtBBwjbTiGPMlt2Md0T9H9JQ==}

  yaml@2.9.0:
    resolution: {integrity: sha512-2AvhNX3mb8zd6Zy7INTtSpl1F15HW6Wnqj0srWlkKLcpYl/gMIMJiyuGq2KeI2YFxUPjdlB+3Lc10seMLtL4cA==}
    engines: {node: '>= 14.6'}
    hasBin: true

  zod@3.25.76:
    resolution: {integrity: sha512-gzUt/qt81nXsFGKIFcC3YnfEAx5NkunCfnDlvuBSSFS02bcXu4Lmea0AFIUwbLWxWPx3d9p8S5QoaujKcNQxcQ==}

snapshots:

  '@env-kit/node-settings@0.11.0(zod@3.25.76)':
    dependencies:
      jiti: 2.7.0
      yaml: 2.9.0
      zod: 3.25.76

  '@types/node@22.19.19':
    dependencies:
      undici-types: 6.21.0

  jiti@2.7.0: {}

  typescript@5.9.3: {}

  undici-types@6.21.0: {}

  yaml@2.9.0: {}

  zod@3.25.76: {}
